// !$*UTF8*$!
{
	archiveVersion = 1;
	classes = {
	};
	objectVersion = 46;
	objects = {

/* Begin PBXBuildFile section */
		D4AD53E21F45F61600B3AB1B /* AppDelegate.swift in Sources */ = {isa = PBXBuildFile; fileRef = D4AD53E11F45F61600B3AB1B /* AppDelegate.swift */; };
		D4AD53E41F45F61600B3AB1B /* TopViewController.swift in Sources */ = {isa = PBXBuildFile; fileRef = D4AD53E31F45F61600B3AB1B /* TopViewController.swift */; };
		D4AD53E91F45F61600B3AB1B /* Assets.xcassets in Resources */ = {isa = PBXBuildFile; fileRef = D4AD53E81F45F61600B3AB1B /* Assets.xcassets */; };
		D4AD53EC1F45F61600B3AB1B /* LaunchScreen.storyboard in Resources */ = {isa = PBXBuildFile; fileRef = D4AD53EA1F45F61600B3AB1B /* LaunchScreen.storyboard */; };
		D4AD53F71F45F61600B3AB1B /* WerderdTests.swift in Sources */ = {isa = PBXBuildFile; fileRef = D4AD53F61F45F61600B3AB1B /* WerderdTests.swift */; };
/* End PBXBuildFile section */

/* Begin PBXContainerItemProxy section */
		D4AD53F31F45F61600B3AB1B /* PBXContainerItemProxy */ = {
			isa = PBXContainerItemProxy;
			containerPortal = D4AD53D61F45F61600B3AB1B /* Project object */;
			proxyType = 1;
			remoteGlobalIDString = D4AD53DD1F45F61600B3AB1B;
			remoteInfo = Werderd;
		};
/* End PBXContainerItemProxy section */

/* Begin PBXFileReference section */
		D4AD53DE1F45F61600B3AB1B /* Werderd.app */ = {isa = PBXFileReference; explicitFileType = wrapper.application; includeInIndex = 0; path = Werderd.app; sourceTree = BUILT_PRODUCTS_DIR; };
		D4AD53E11F45F61600B3AB1B /* AppDelegate.swift */ = {isa = PBXFileReference; lastKnownFileType = sourcecode.swift; path = AppDelegate.swift; sourceTree = "<group>"; };
		D4AD53E31F45F61600B3AB1B /* TopViewController.swift */ = {isa = PBXFileReference; lastKnownFileType = sourcecode.swift; path = TopViewController.swift; sourceTree = "<group>"; };
		D4AD53E81F45F61600B3AB1B /* Assets.xcassets */ = {isa = PBXFileReference; lastKnownFileType = folder.assetcatalog; path = Assets.xcassets; sourceTree = "<group>"; };
		D4AD53EB1F45F61600B3AB1B /* Base */ = {isa = PBXFileReference; lastKnownFileType = file.storyboard; name = Base; path = Base.lproj/LaunchScreen.storyboard; sourceTree = "<group>"; };
		D4AD53ED1F45F61600B3AB1B /* Info.plist */ = {isa = PBXFileReference; lastKnownFileType = text.plist.xml; path = Info.plist; sourceTree = "<group>"; };
		D4AD53F21F45F61600B3AB1B /* WerderdTests.xctest */ = {isa = PBXFileReference; explicitFileType = wrapper.cfbundle; includeInIndex = 0; path = WerderdTests.xctest; sourceTree = BUILT_PRODUCTS_DIR; };
		D4AD53F61F45F61600B3AB1B /* WerderdTests.swift */ = {isa = PBXFileReference; lastKnownFileType = sourcecode.swift; path = WerderdTests.swift; sourceTree = "<group>"; };
		D4AD53F81F45F61600B3AB1B /* Info.plist */ = {isa = PBXFileReference; lastKnownFileType = text.plist.xml; path = Info.plist; sourceTree = "<group>"; };
/* End PBXFileReference section */

/* Begin PBXFrameworksBuildPhase section */
		D4AD53DB1F45F61600B3AB1B /* Frameworks */ = {
			isa = PBXFrameworksBuildPhase;
			buildActionMask = 2147483647;
			files = (
			);
			runOnlyForDeploymentPostprocessing = 0;
		};
		D4AD53EF1F45F61600B3AB1B /* Frameworks */ = {
			isa = PBXFrameworksBuildPhase;
			buildActionMask = 2147483647;
			files = (
			);
			runOnlyForDeploymentPostprocessing = 0;
		};
/* End PBXFrameworksBuildPhase section */

/* Begin PBXGroup section */
		D4AD53D51F45F61600B3AB1B = {
			isa = PBXGroup;
			children = (
				D4AD53E01F45F61600B3AB1B /* Werderd */,
				D4AD53F51F45F61600B3AB1B /* WerderdTests */,
				D4AD53DF1F45F61600B3AB1B /* Products */,
			);
			sourceTree = "<group>";
		};
		D4AD53DF1F45F61600B3AB1B /* Products */ = {
			isa = PBXGroup;
			children = (
				D4AD53DE1F45F61600B3AB1B /* Werderd.app */,
				D4AD53F21F45F61600B3AB1B /* WerderdTests.xctest */,
			);
			name = Products;
			sourceTree = "<group>";
		};
		D4AD53E01F45F61600B3AB1B /* Werderd */ = {
			isa = PBXGroup;
			children = (
				D4AD53E11F45F61600B3AB1B /* AppDelegate.swift */,
				D4AD53E31F45F61600B3AB1B /* TopViewController.swift */,
				D4AD53E81F45F61600B3AB1B /* Assets.xcassets */,
				D4AD53EA1F45F61600B3AB1B /* LaunchScreen.storyboard */,
				D4AD53ED1F45F61600B3AB1B /* Info.plist */,
			);
			path = Werderd;
			sourceTree = "<group>";
		};
		D4AD53F51F45F61600B3AB1B /* WerderdTests */ = {
			isa = PBXGroup;
			children = (
				D4AD53F61F45F61600B3AB1B /* WerderdTests.swift */,
				D4AD53F81F45F61600B3AB1B /* Info.plist */,
			);
			path = WerderdTests;
			sourceTree = "<group>";
		};
/* End PBXGroup section */

/* Begin PBXNativeTarget section */
		D4AD53DD1F45F61600B3AB1B /* Werderd */ = {
			isa = PBXNativeTarget;
			buildConfigurationList = D4AD53FB1F45F61600B3AB1B /* Build configuration list for PBXNativeTarget "Werderd" */;
			buildPhases = (
				D4AD53DA1F45F61600B3AB1B /* Sources */,
				D4AD53DB1F45F61600B3AB1B /* Frameworks */,
				D4AD53DC1F45F61600B3AB1B /* Resources */,
			);
			buildRules = (
			);
			dependencies = (
			);
			name = Werderd;
			productName = Werderd;
			productReference = D4AD53DE1F45F61600B3AB1B /* Werderd.app */;
			productType = "com.apple.product-type.application";
		};
		D4AD53F11F45F61600B3AB1B /* WerderdTests */ = {
			isa = PBXNativeTarget;
			buildConfigurationList = D4AD53FE1F45F61600B3AB1B /* Build configuration list for PBXNativeTarget "WerderdTests" */;
			buildPhases = (
				D4AD53EE1F45F61600B3AB1B /* Sources */,
				D4AD53EF1F45F61600B3AB1B /* Frameworks */,
				D4AD53F01F45F61600B3AB1B /* Resources */,
			);
			buildRules = (
			);
			dependencies = (
				D4AD53F41F45F61600B3AB1B /* PBXTargetDependency */,
			);
			name = WerderdTests;
			productName = WerderdTests;
			productReference = D4AD53F21F45F61600B3AB1B /* WerderdTests.xctest */;
			productType = "com.apple.product-type.bundle.unit-test";
		};
/* End PBXNativeTarget section */

/* Begin PBXProject section */
		D4AD53D61F45F61600B3AB1B /* Project object */ = {
			isa = PBXProject;
			attributes = {
				LastSwiftUpdateCheck = 0830;
				LastUpgradeCheck = 0830;
				ORGANIZATIONNAME = "Kazuki Asayama";
				TargetAttributes = {
					D4AD53DD1F45F61600B3AB1B = {
						CreatedOnToolsVersion = 8.3.3;
						DevelopmentTeam = QJX6MNRW46;
						ProvisioningStyle = Automatic;
					};
					D4AD53F11F45F61600B3AB1B = {
						CreatedOnToolsVersion = 8.3.3;
						ProvisioningStyle = Automatic;
						TestTargetID = D4AD53DD1F45F61600B3AB1B;
					};
				};
			};
			buildConfigurationList = D4AD53D91F45F61600B3AB1B /* Build configuration list for PBXProject "Werderd" */;
			compatibilityVersion = "Xcode 3.2";
			developmentRegion = English;
			hasScannedForEncodings = 0;
			knownRegions = (
				en,
				Base,
			);
			mainGroup = D4AD53D51F45F61600B3AB1B;
			productRefGroup = D4AD53DF1F45F61600B3AB1B /* Products */;
			projectDirPath = "";
			projectRoot = "";
			targets = (
				D4AD53DD1F45F61600B3AB1B /* Werderd */,
				D4AD53F11F45F61600B3AB1B /* WerderdTests */,
			);
		};
/* End PBXProject section */

/* Begin PBXResourcesBuildPhase section */
		D4AD53DC1F45F61600B3AB1B /* Resources */ = {
			isa = PBXResourcesBuildPhase;
			buildActionMask = 2147483647;
			files = (
				D4AD53EC1F45F61600B3AB1B /* LaunchScreen.storyboard in Resources */,
				D4AD53E91F45F61600B3AB1B /* Assets.xcassets in Resources */,
			);
			runOnlyForDeploymentPostprocessing = 0;
		};
		D4AD53F01F45F61600B3AB1B /* Resources */ = {
			isa = PBXResourcesBuildPhase;
			buildActionMask = 2147483647;
			files = (
			);
			runOnlyForDeploymentPostprocessing = 0;
		};
/* End PBXResourcesBuildPhase section */

/* Begin PBXSourcesBuildPhase section */
		D4AD53DA1F45F61600B3AB1B /* Sources */ = {
			isa = PBXSourcesBuildPhase;
			buildActionMask = 2147483647;
			files = (
				D4AD53E41F45F61600B3AB1B /* TopViewController.swift in Sources */,
				D4AD53E21F45F61600B3AB1B /* AppDelegate.swift in Sources */,
			);
			runOnlyForDeploymentPostprocessing = 0;
		};
		D4AD53EE1F45F61600B3AB1B /* Sources */ = {
			isa = PBXSourcesBuildPhase;
			buildActionMask = 2147483647;
			files = (
				D4AD53F71F45F61600B3AB1B /* WerderdTests.swift in Sources */,
			);
			runOnlyForDeploymentPostprocessing = 0;
		};
/* End PBXSourcesBuildPhase section */

/* Begin PBXTargetDependency section */
		D4AD53F41F45F61600B3AB1B /* PBXTargetDependency */ = {
			isa = PBXTargetDependency;
			target = D4AD53DD1F45F61600B3AB1B /* Werderd */;
			targetProxy = D4AD53F31F45F61600B3AB1B /* PBXContainerItemProxy */;
		};
/* End PBXTargetDependency section */

/* Begin PBXVariantGroup section */
		D4AD53EA1F45F61600B3AB1B /* LaunchScreen.storyboard */ = {
			isa = PBXVariantGroup;
			children = (
				D4AD53EB1F45F61600B3AB1B /* Base */,
			);
			name = LaunchScreen.storyboard;
			sourceTree = "<group>";
		};
/* End PBXVariantGroup section */

/* Begin XCBuildConfiguration section */
		D4AD53F91F45F61600B3AB1B /* Debug */ = {
			isa = XCBuildConfiguration;
			buildSettings = {
				ALWAYS_SEARCH_USER_PATHS = NO;
				CLANG_ANALYZER_NONNULL = YES;
				CLANG_ANALYZER_NUMBER_OBJECT_CONVERSION = YES_AGGRESSIVE;
				CLANG_CXX_LANGUAGE_STANDARD = "gnu++0x";
				CLANG_CXX_LIBRARY = "libc++";
				CLANG_ENABLE_MODULES = YES;
				CLANG_ENABLE_OBJC_ARC = YES;
				CLANG_WARN_BOOL_CONVERSION = YES;
				CLANG_WARN_CONSTANT_CONVERSION = YES;
				CLANG_WARN_DIRECT_OBJC_ISA_USAGE = YES_ERROR;
				CLANG_WARN_DOCUMENTATION_COMMENTS = YES;
				CLANG_WARN_EMPTY_BODY = YES;
				CLANG_WARN_ENUM_CONVERSION = YES;
				CLANG_WARN_INFINITE_RECURSION = YES;
				CLANG_WARN_INT_CONVERSION = YES;
				CLANG_WARN_OBJC_ROOT_CLASS = YES_ERROR;
				CLANG_WARN_SUSPICIOUS_MOVE = YES;
				CLANG_WARN_UNREACHABLE_CODE = YES;
				CLANG_WARN__DUPLICATE_METHOD_MATCH = YES;
				"CODE_SIGN_IDENTITY[sdk=iphoneos*]" = "iPhone Developer";
				COPY_PHASE_STRIP = NO;
				DEBUG_INFORMATION_FORMAT = dwarf;
				ENABLE_STRICT_OBJC_MSGSEND = YES;
				ENABLE_TESTABILITY = YES;
				GCC_C_LANGUAGE_STANDARD = gnu99;
				GCC_DYNAMIC_NO_PIC = NO;
				GCC_NO_COMMON_BLOCKS = YES;
				GCC_OPTIMIZATION_LEVEL = 0;
				GCC_PREPROCESSOR_DEFINITIONS = (
					"DEBUG=1",
					"$(inherited)",
				);
				GCC_WARN_64_TO_32_BIT_CONVERSION = YES;
				GCC_WARN_ABOUT_RETURN_TYPE = YES_ERROR;
				GCC_WARN_UNDECLARED_SELECTOR = YES;
				GCC_WARN_UNINITIALIZED_AUTOS = YES_AGGRESSIVE;
				GCC_WARN_UNUSED_FUNCTION = YES;
				GCC_WARN_UNUSED_VARIABLE = YES;
				IPHONEOS_DEPLOYMENT_TARGET = 10.3;
				MTL_ENABLE_DEBUG_INFO = YES;
				ONLY_ACTIVE_ARCH = YES;
				SDKROOT = iphoneos;
				SWIFT_ACTIVE_COMPILATION_CONDITIONS = DEBUG;
				SWIFT_OPTIMIZATION_LEVEL = "-Onone";
				TARGETED_DEVICE_FAMILY = "1,2";
			};
			name = Debug;
		};
		D4AD53FA1F45F61600B3AB1B /* Release */ = {
			isa = XCBuildConfiguration;
			buildSettings = {
				ALWAYS_SEARCH_USER_PATHS = NO;
				CLANG_ANALYZER_NONNULL = YES;
				CLANG_ANALYZER_NUMBER_OBJECT_CONVERSION = YES_AGGRESSIVE;
				CLANG_CXX_LANGUAGE_STANDARD = "gnu++0x";
				CLANG_CXX_LIBRARY = "libc++";
				CLANG_ENABLE_MODULES = YES;
				CLANG_ENABLE_OBJC_ARC = YES;
				CLANG_WARN_BOOL_CONVERSION = YES;
				CLANG_WARN_CONSTANT_CONVERSION = YES;
				CLANG_WARN_DIRECT_OBJC_ISA_USAGE = YES_ERROR;
				CLANG_WARN_DOCUMENTATION_COMMENTS = YES;
				CLANG_WARN_EMPTY_BODY = YES;
				CLANG_WARN_ENUM_CONVERSION = YES;
				CLANG_WARN_INFINITE_RECURSION = YES;
				CLANG_WARN_INT_CONVERSION = YES;
				CLANG_WARN_OBJC_ROOT_CLASS = YES_ERROR;
				CLANG_WARN_SUSPICIOUS_MOVE = YES;
				CLANG_WARN_UNREACHABLE_CODE = YES;
				CLANG_WARN__DUPLICATE_METHOD_MATCH = YES;
				"CODE_SIGN_IDENTITY[sdk=iphoneos*]" = "iPhone Developer";
				COPY_PHASE_STRIP = NO;
				DEBUG_INFORMATION_FORMAT = "dwarf-with-dsym";
				ENABLE_NS_ASSERTIONS = NO;
				ENABLE_STRICT_OBJC_MSGSEND = YES;
				GCC_C_LANGUAGE_STANDARD = gnu99;
				GCC_NO_COMMON_BLOCKS = YES;
				GCC_WARN_64_TO_32_BIT_CONVERSION = YES;
				GCC_WARN_ABOUT_RETURN_TYPE = YES_ERROR;
				GCC_WARN_UNDECLARED_SELECTOR = YES;
				GCC_WARN_UNINITIALIZED_AUTOS = YES_AGGRESSIVE;
				GCC_WARN_UNUSED_FUNCTION = YES;
				GCC_WARN_UNUSED_VARIABLE = YES;
				IPHONEOS_DEPLOYMENT_TARGET = 10.3;
				MTL_ENABLE_DEBUG_INFO = NO;
				SDKROOT = iphoneos;
				SWIFT_OPTIMIZATION_LEVEL = "-Owholemodule";
				TARGETED_DEVICE_FAMILY = "1,2";
				VALIDATE_PRODUCT = YES;
			};
			name = Release;
		};
		D4AD53FC1F45F61600B3AB1B /* Debug */ = {
			isa = XCBuildConfiguration;
			buildSettings = {
				ASSETCATALOG_COMPILER_APPICON_NAME = AppIcon;
				DEVELOPMENT_TEAM = QJX6MNRW46;
				INFOPLIST_FILE = Werderd/Info.plist;
				LD_RUNPATH_SEARCH_PATHS = "$(inherited) @executable_path/Frameworks";
				PRODUCT_BUNDLE_IDENTIFIER = jp.wassen.Werderd;
				PRODUCT_NAME = "$(TARGET_NAME)";
				SWIFT_VERSION = 3.0;
			};
			name = Debug;
		};
		D4AD53FD1F45F61600B3AB1B /* Release */ = {
			isa = XCBuildConfiguration;
			buildSettings = {
				ASSETCATALOG_COMPILER_APPICON_NAME = AppIcon;
				DEVELOPMENT_TEAM = QJX6MNRW46;
				INFOPLIST_FILE = Werderd/Info.plist;
				LD_RUNPATH_SEARCH_PATHS = "$(inherited) @executable_path/Frameworks";
				PRODUCT_BUNDLE_IDENTIFIER = jp.wassen.Werderd;
				PRODUCT_NAME = "$(TARGET_NAME)";
				SWIFT_VERSION = 3.0;
			};
			name = Release;
		};
		D4AD53FF1F45F61600B3AB1B /* Debug */ = {
			isa = XCBuildConfiguration;
			buildSettings = {
				ALWAYS_EMBED_SWIFT_STANDARD_LIBRARIES = YES;
				BUNDLE_LOADER = "$(TEST_HOST)";
				INFOPLIST_FILE = WerderdTests/Info.plist;
				LD_RUNPATH_SEARCH_PATHS = "$(inherited) @executable_path/Frameworks @loader_path/Frameworks";
				PRODUCT_BUNDLE_IDENTIFIER = jp.wassen.WerderdTests;
				PRODUCT_NAME = "$(TARGET_NAME)";
				SWIFT_VERSION = 3.0;
				TEST_HOST = "$(BUILT_PRODUCTS_DIR)/Werderd.app/Werderd";
			};
			name = Debug;
		};
		D4AD54001F45F61600B3AB1B /* Release */ = {
			isa = XCBuildConfiguration;
			buildSettings = {
				ALWAYS_EMBED_SWIFT_STANDARD_LIBRARIES = YES;
				BUNDLE_LOADER = "$(TEST_HOST)";
				INFOPLIST_FILE = WerderdTests/Info.plist;
				LD_RUNPATH_SEARCH_PATHS = "$(inherited) @executable_path/Frameworks @loader_path/Frameworks";
				PRODUCT_BUNDLE_IDENTIFIER = jp.wassen.WerderdTests;
				PRODUCT_NAME = "$(TARGET_NAME)";
				SWIFT_VERSION = 3.0;
				TEST_HOST = "$(BUILT_PRODUCTS_DIR)/Werderd.app/Werderd";
			};
			name = Release;
		};
/* End XCBuildConfiguration section */

/* Begin XCConfigurationList section */
		D4AD53D91F45F61600B3AB1B /* Build configuration list for PBXProject "Werderd" */ = {
			isa = XCConfigurationList;
			buildConfigurations = (
				D4AD53F91F45F61600B3AB1B /* Debug */,
				D4AD53FA1F45F61600B3AB1B /* Release */,
			);
			defaultConfigurationIsVisible = 0;
			defaultConfigurationName = Release;
		};
		D4AD53FB1F45F61600B3AB1B /* Build configuration list for PBXNativeTarget "Werderd" */ = {
			isa = XCConfigurationList;
			buildConfigurations = (
				D4AD53FC1F45F61600B3AB1B /* Debug */,
				D4AD53FD1F45F61600B3AB1B /* Release */,
			);
			defaultConfigurationIsVisible = 0;
			defaultConfigurationName = Release;
		};
		D4AD53FE1F45F61600B3AB1B /* Build configuration list for PBXNativeTarget "WerderdTests" */ = {
			isa = XCConfigurationList;
			buildConfigurations = (
				D4AD53FF1F45F61600B3AB1B /* Debug */,
				D4AD54001F45F61600B3AB1B /* Release */,
			);
			defaultConfigurationIsVisible = 0;
			defaultConfigurationName = Release;
		};
/* End XCConfigurationList section */
	};
	rootObject = D4AD53D61F45F61600B3AB1B /* Project object */;
}
